# This file was autogenerated by Stack.
# You should not edit this file by hand.
# For more information, please see the documentation at:
#   https://docs.haskellstack.org/en/stable/lock_files

packages:
- completed:
    hackage: pandoc-crossref-0.3.17.0@sha256:84507632d82a1cbda65bf8874dd8a2f2e03b87f82932a45ee961b6df51f211cf,9282
    pantry-tree:
      sha256: 7539426739165223f6dc52f40ab1091c18a35a77fd37cb0cee537e47f4ab6744
      size: 9882
  original:
    hackage: pandoc-crossref-0.3.17.0
- completed:
    hackage: simple-sql-parser-0.7.1@sha256:4281e5426b09161ff2409cc60f40b05bb68f0ebf8b539a8a15ffa2b6d4275ed0,3953
    pantry-tree:
      sha256: 44ec0e83fb8cad34bb357638fd59f79bdb79a700ce139ac59daa28efdda3f1a9
      size: 2637
  original:
    hackage: simple-sql-parser-0.7.1@sha256:4281e5426b09161ff2409cc60f40b05bb68f0ebf8b539a8a15ffa2b6d4275ed0,3953
- completed:
    hackage: SpreadsheetML-0.1@sha256:58aec77fb2d79779c6a1a4c2101526db0947dc558c064a46598cdde5745bfa74,1362
    pantry-tree:
      sha256: 4e795a0937d7d0b1c385c4ce9fd3fc32709f4f264f74441ae839d2780ddfa49e
      size: 388
  original:
    hackage: SpreadsheetML-0.1@sha256:58aec77fb2d79779c6a1a4c2101526db0947dc558c064a46598cdde5745bfa74,1362
- completed:
    hackage: text1-0.0.7.4@sha256:cc980c88b188384fadd02b56e6e8e5f9317a43e1459a16558273589a49bcf951,2741
    pantry-tree:
      sha256: e990bf16f9321fd4d5a5101599c232b95b49a5b1252aab6c97dc3778fdc5b375
      size: 571
  original:
    hackage: text1-0.0.7.4@sha256:cc980c88b188384fadd02b56e6e8e5f9317a43e1459a16558273589a49bcf951,2741
- completed:
    hackage: megaparsec-9.6.1@sha256:8d8f8ee5aca5d5c16aa4219afd13687ceab8be640f40ba179359f2b42a628241,3323
    pantry-tree:
      sha256: ac654040a2402a733496678905ee17198bf628d75032dd025d595bd329739af8
      size: 1545
  original:
    hackage: megaparsec-9.6.1@sha256:8d8f8ee5aca5d5c16aa4219afd13687ceab8be640f40ba179359f2b42a628241,3323
snapshots:
- completed:
    sha256: 0cd905bf3f615a7f52d52fb6aadda182f695bd1cab10ef892095d974676f0911
    size: 713334
    url: https://raw.githubusercontent.com/commercialhaskell/stackage-snapshots/master/lts/22/16.yaml
  original: lts-22.16
