# This file was autogenerated by Stack.
# You should not edit this file by hand.
# For more information, please see the documentation at:
#   https://docs.haskellstack.org/en/stable/lock_files

packages:
- completed:
    hackage: fgl-5.7.0.1@sha256:92f2e8769ae12232727d7d8b773f9aac924f3c9324935690a5096efc6289fe35,3631
    pantry-tree:
      size: 2748
      sha256: 130d85047b0a2dfd5f5d5514a5f4ec6b5877193bd295f3db67083d87ee5c9d18
  original:
    hackage: fgl-5.7.0.1
- completed:
    hackage: graphviz-2999.20.0.3@sha256:cde383c356bc41136ed53cd27e0800f46dbd2185600dd0de18d66d5c49739d94,7677
    pantry-tree:
      size: 4322
      sha256: f7d9f7e161d68a5783d915358c28a95a2b8c94f3e302325fa604b91e8d2295c8
  original:
    hackage: graphviz-2999.20.0.3
- completed:
    hackage: pandoc-crossref-0.3.4.0@sha256:59cd77dc8d3364f582dac30c549ce89deed83569f65d473db2fbb188f85b5285,7676
    pantry-tree:
      size: 4710
      sha256: 02af2e120e42c89c3e971e0fcfe3eac8e161932b05926c395794704a19997db5
  original:
    hackage: pandoc-crossref-0.3.4.0
- completed:
    hackage: roman-numerals-0.5.1.5@sha256:819d04d9d442b24629dd058f6f0b02bd78e9f9ae99538bc44ca448f1cb2b7b01,1208
    pantry-tree:
      size: 220
      sha256: 2154c0f4a11842593586dc1932e233cd8c802994763f7d3ce3e5916be8bc7ee5
  original:
    hackage: roman-numerals-0.5.1.5
- completed:
    hackage: simple-sql-parser-0.4.4@sha256:9e7171247d29d8b367f452044791223840aa4587b4e844f852cf620e85c61db0,3978
    pantry-tree:
      size: 1746
      sha256: 7d2d5a45845ef3504c585ac74cb8ff8c7300658e00f79c2208cf34829b243ea1
  original:
    hackage: simple-sql-parser-0.4.4
- completed:
    hackage: SpreadsheetML-0.1@sha256:58aec77fb2d79779c6a1a4c2101526db0947dc558c064a46598cdde5745bfa74,1362
    pantry-tree:
      size: 388
      sha256: 4e795a0937d7d0b1c385c4ce9fd3fc32709f4f264f74441ae839d2780ddfa49e
  original:
    hackage: SpreadsheetML-0.1
- completed:
    hackage: wl-pprint-1.2.1@sha256:aea676cff4a062d7d912149d270e33f5bb0c01b68a9db46ff13b438141ff4b7c,734
    pantry-tree:
      size: 221
      sha256: 750b375c6fc33400551f9e32e26e41844c372270a9bc3571e912fa36df7c6d4f
  original:
    hackage: wl-pprint-1.2.1
- completed:
    hackage: yaml-config-0.4.0@sha256:575103d9fa1ef074a2b419256babaae7be5f5257f37adf3ed2601052415b2d83,1814
    pantry-tree:
      size: 347
      sha256: 504d63293d50f9949a1130abcaf1885f10df61a658cba854fb704521ba797c91
  original:
    hackage: yaml-config-0.4.0
- completed:
    hackage: zip-archive-0.4.1@sha256:51774bdc747d20b8f23172315f9c3fdd6c11de01607e98e9890eb87fb49566d7,4055
    pantry-tree:
      size: 878
      sha256: ddb62ec0e8a94673cb4ebfe29bcd1baa226e0f36f18b3214e14cc13e464d8620
  original:
    hackage: zip-archive-0.4.1@sha256:51774bdc747d20b8f23172315f9c3fdd6c11de01607e98e9890eb87fb49566d7
snapshots:
- completed:
    size: 497510
    url: https://raw.githubusercontent.com/commercialhaskell/stackage-snapshots/master/lts/13/16.yaml
    sha256: 3e56dd069db766f8e4c0a61ba49611e549c8b7757369fe1a063d1c33548790ac
  original: lts-13.16
